
Microsoft Visual Studio Solution File, Format Version 12.00
# Visual Studio 15
VisualStudioVersion = 15.0.28010.2016
MinimumVisualStudioVersion = 10.0.40219.1
Project("{9A19103F-16F7-4668-BE54-9A1E7A4F7556}") = "DataAccessLayer", "DataAccessLayer\DataAccessLayer.csproj", "{5C11D1B6-657D-4ADF-A66D-4402AFB4EEF2}"
EndProject
Project("{9A19103F-16F7-4668-BE54-9A1E7A4F7556}") = "UnitTest", "UnitTest\UnitTest.csproj", "{84B88A15-0251-44F4-A705-188698DE24BC}"
EndProject
Project("{2150E333-8FDC-42A3-9474-1A3956D46DE8}") = "Solution Items", "Solution Items", "{0ADC9311-ADAC-4A8C-8459-8A1F68384862}"
	ProjectSection(SolutionItems) = preProject
		LICENSE = LICENSE
		README.md = README.md
	EndProjectSection
EndProject
Global
	GlobalSection(SolutionConfigurationPlatforms) = preSolution
		Debug|Any CPU = Debug|Any CPU
		Release|Any CPU = Release|Any CPU
	EndGlobalSection
	GlobalSection(ProjectConfigurationPlatforms) = postSolution
		{5C11D1B6-657D-4ADF-A66D-4402AFB4EEF2}.Debug|Any CPU.ActiveCfg = Debug|Any CPU
		{5C11D1B6-657D-4ADF-A66D-4402AFB4EEF2}.Debug|Any CPU.Build.0 = Debug|Any CPU
		{5C11D1B6-657D-4ADF-A66D-4402AFB4EEF2}.Release|Any CPU.ActiveCfg = Release|Any CPU
		{5C11D1B6-657D-4ADF-A66D-4402AFB4EEF2}.Release|Any CPU.Build.0 = Release|Any CPU
		{84B88A15-0251-44F4-A705-188698DE24BC}.Debug|Any CPU.ActiveCfg = Debug|Any CPU
		{84B88A15-0251-44F4-A705-188698DE24BC}.Debug|Any CPU.Build.0 = Debug|Any CPU
		{84B88A15-0251-44F4-A705-188698DE24BC}.Release|Any CPU.ActiveCfg = Release|Any CPU
		{84B88A15-0251-44F4-A705-188698DE24BC}.Release|Any CPU.Build.0 = Release|Any CPU
	EndGlobalSection
	GlobalSection(SolutionProperties) = preSolution
		HideSolutionNode = FALSE
	EndGlobalSection
	GlobalSection(ExtensibilityGlobals) = postSolution
		SolutionGuid = {B14509EC-6BF7-44AE-AE86-194305870E7B}
	EndGlobalSection
EndGlobal
